
Microsoft Visual Studio Solution File, Format Version 12.00
# Visual Studio Version 17
VisualStudioVersion = 17.14.37502.11 d17.14
MinimumVisualStudioVersion = 10.0.40219.1
Project("{FAE04EC0-301F-11D3-BF4B-00C04F79EFBC}") = "OSEP_2026", "OSEP_2026\OSEP_2026.csproj", "{B5640E89-A916-49A2-98B1-B48D54865D92}"
EndProject
Project("{FAE04EC0-301F-11D3-BF4B-00C04F79EFBC}") = "005.2.4_Shellcode_Runner_CSharp", "005.2.4_Shellcode_Runner_CSharp\005.2.4_Shellcode_Runner_CSharp.csproj", "{D65C6019-EF3C-41CA-A902-3D90DEC21DE0}"
EndProject
Global
	GlobalSection(SolutionConfigurationPlatforms) = preSolution
		Debug|Any CPU = Debug|Any CPU
		Release|Any CPU = Release|Any CPU
	EndGlobalSection
	GlobalSection(ProjectConfigurationPlatforms) = postSolution
		{B5640E89-A916-49A2-98B1-B48D54865D92}.Debug|Any CPU.ActiveCfg = Debug|Any CPU
		{B5640E89-A916-49A2-98B1-B48D54865D92}.Debug|Any CPU.Build.0 = Debug|Any CPU
		{B5640E89-A916-49A2-98B1-B48D54865D92}.Release|Any CPU.ActiveCfg = Release|Any CPU
		{B5640E89-A916-49A2-98B1-B48D54865D92}.Release|Any CPU.Build.0 = Release|Any CPU
		{D65C6019-EF3C-41CA-A902-3D90DEC21DE0}.Debug|Any CPU.ActiveCfg = Debug|Any CPU
		{D65C6019-EF3C-41CA-A902-3D90DEC21DE0}.Debug|Any CPU.Build.0 = Debug|Any CPU
		{D65C6019-EF3C-41CA-A902-3D90DEC21DE0}.Release|Any CPU.ActiveCfg = Release|Any CPU
		{D65C6019-EF3C-41CA-A902-3D90DEC21DE0}.Release|Any CPU.Build.0 = Release|Any CPU
	EndGlobalSection
	GlobalSection(SolutionProperties) = preSolution
		HideSolutionNode = FALSE
	EndGlobalSection
	GlobalSection(ExtensibilityGlobals) = postSolution
		SolutionGuid = {B50B424D-3A2B-45B4-BA74-A51DFFBADD05}
	EndGlobalSection
EndGlobal
